
Microsoft Visual Studio Solution File, Format Version 12.00
# Visual Studio 15
VisualStudioVersion = 15.0.28010.2019
MinimumVisualStudioVersion = 10.0.40219.1
Project("{FAE04EC0-301F-11D3-BF4B-00C04F79EFBC}") = "FFE-AddIn", "FFE-AddIn\FFE-AddIn.csproj", "{18ADBF9A-AD66-483B-98CF-755A22CA1C60}"
EndProject
Project("{FAE04EC0-301F-11D3-BF4B-00C04F79EFBC}") = "FFE-AddIn.Test", "FFE-AddIn.Test\FFE-AddIn.Test.csproj", "{DE242BB3-67CA-429C-9ED8-16735FB81BE0}"
	ProjectSection(ProjectDependencies) = postProject
		{18ADBF9A-AD66-483B-98CF-755A22CA1C60} = {18ADBF9A-AD66-483B-98CF-755A22CA1C60}
	EndProjectSection
EndProject
Project("{FAE04EC0-301F-11D3-BF4B-00C04F79EFBC}") = "FFE-AddIn.Benchmark", "FFE-AddIn.Benchmark\FFE-AddIn.Benchmark.csproj", "{95AB7A0E-98AE-4DAD-ACA4-1AECF748FEC2}"
	ProjectSection(ProjectDependencies) = postProject
		{18ADBF9A-AD66-483B-98CF-755A22CA1C60} = {18ADBF9A-AD66-483B-98CF-755A22CA1C60}
	EndProjectSection
EndProject
Global
	GlobalSection(SolutionConfigurationPlatforms) = preSolution
		Debug|Any CPU = Debug|Any CPU
		Release|Any CPU = Release|Any CPU
		Test|Any CPU = Test|Any CPU
	EndGlobalSection
	GlobalSection(ProjectConfigurationPlatforms) = postSolution
		{18ADBF9A-AD66-483B-98CF-755A22CA1C60}.Debug|Any CPU.ActiveCfg = Debug|Any CPU
		{18ADBF9A-AD66-483B-98CF-755A22CA1C60}.Debug|Any CPU.Build.0 = Debug|Any CPU
		{18ADBF9A-AD66-483B-98CF-755A22CA1C60}.Release|Any CPU.ActiveCfg = Release|Any CPU
		{18ADBF9A-AD66-483B-98CF-755A22CA1C60}.Release|Any CPU.Build.0 = Release|Any CPU
		{18ADBF9A-AD66-483B-98CF-755A22CA1C60}.Test|Any CPU.ActiveCfg = Test|Any CPU
		{18ADBF9A-AD66-483B-98CF-755A22CA1C60}.Test|Any CPU.Build.0 = Test|Any CPU
		{DE242BB3-67CA-429C-9ED8-16735FB81BE0}.Debug|Any CPU.ActiveCfg = Debug|Any CPU
		{DE242BB3-67CA-429C-9ED8-16735FB81BE0}.Debug|Any CPU.Build.0 = Debug|Any CPU
		{DE242BB3-67CA-429C-9ED8-16735FB81BE0}.Release|Any CPU.ActiveCfg = Release|Any CPU
		{DE242BB3-67CA-429C-9ED8-16735FB81BE0}.Release|Any CPU.Build.0 = Release|Any CPU
		{DE242BB3-67CA-429C-9ED8-16735FB81BE0}.Test|Any CPU.ActiveCfg = Test|Any CPU
		{DE242BB3-67CA-429C-9ED8-16735FB81BE0}.Test|Any CPU.Build.0 = Test|Any CPU
		{95AB7A0E-98AE-4DAD-ACA4-1AECF748FEC2}.Debug|Any CPU.ActiveCfg = Debug|Any CPU
		{95AB7A0E-98AE-4DAD-ACA4-1AECF748FEC2}.Debug|Any CPU.Build.0 = Debug|Any CPU
		{95AB7A0E-98AE-4DAD-ACA4-1AECF748FEC2}.Release|Any CPU.ActiveCfg = Release|Any CPU
		{95AB7A0E-98AE-4DAD-ACA4-1AECF748FEC2}.Release|Any CPU.Build.0 = Release|Any CPU
		{95AB7A0E-98AE-4DAD-ACA4-1AECF748FEC2}.Test|Any CPU.ActiveCfg = Test|Any CPU
		{95AB7A0E-98AE-4DAD-ACA4-1AECF748FEC2}.Test|Any CPU.Build.0 = Test|Any CPU
	EndGlobalSection
	GlobalSection(SolutionProperties) = preSolution
		HideSolutionNode = FALSE
	EndGlobalSection
	GlobalSection(ExtensibilityGlobals) = postSolution
		SolutionGuid = {0ADC8AC5-0009-4F97-A9E3-8C73B3DA39DE}
	EndGlobalSection
EndGlobal
